
Microsoft Visual Studio Solution File, Format Version 12.00
# Visual Studio Version 17
VisualStudioVersion = 17.14.36327.8 d17.14
MinimumVisualStudioVersion = 10.0.40219.1
Project("{FAE04EC0-301F-11D3-BF4B-00C04F79EFBC}") = "Extraer Astraccion", "Extraer Astraccion\Extraer Astraccion.csproj", "{384FF2D9-8DD9-4E0D-B0C4-575557670496}"
EndProject
Global
	GlobalSection(SolutionConfigurationPlatforms) = preSolution
		Debug|Any CPU = Debug|Any CPU
		Release|Any CPU = Release|Any CPU
	EndGlobalSection
	GlobalSection(ProjectConfigurationPlatforms) = postSolution
		{384FF2D9-8DD9-4E0D-B0C4-575557670496}.Debug|Any CPU.ActiveCfg = Debug|Any CPU
		{384FF2D9-8DD9-4E0D-B0C4-575557670496}.Debug|Any CPU.Build.0 = Debug|Any CPU
		{384FF2D9-8DD9-4E0D-B0C4-575557670496}.Release|Any CPU.ActiveCfg = Release|Any CPU
		{384FF2D9-8DD9-4E0D-B0C4-575557670496}.Release|Any CPU.Build.0 = Release|Any CPU
	EndGlobalSection
	GlobalSection(SolutionProperties) = preSolution
		HideSolutionNode = FALSE
	EndGlobalSection
	GlobalSection(ExtensibilityGlobals) = postSolution
		SolutionGuid = {8ED622EA-1164-4878-9EC7-82052A86AE2F}
	EndGlobalSection
EndGlobal
